
Microsoft Visual Studio Solution File, Format Version 12.00
# Visual Studio Version 17
VisualStudioVersion = 17.14.36414.22
MinimumVisualStudioVersion = 10.0.40219.1
Project("{8BC9CEB8-8B4A-11D0-8D11-00A0C91BC942}") = "Project3", "Project3\Project3.vcxproj", "{D2B7D4A1-A1E2-4842-B2FC-93C73E0EDE7C}"
EndProject
Project("{8BC9CEB8-8B4A-11D0-8D11-00A0C91BC942}") = "Zadanie 1", "Zadanie 1\Zadanie 1.vcxproj", "{541E7DB7-F332-499A-855C-04764B3DAFD4}"
EndProject
Project("{8BC9CEB8-8B4A-11D0-8D11-00A0C91BC942}") = "Zadanie 2", "Zadanie 2\Zadanie 2.vcxproj", "{CF6805CF-062F-49F0-8C8C-057BAC394273}"
EndProject
Project("{8BC9CEB8-8B4A-11D0-8D11-00A0C91BC942}") = "Zadanie 3", "Zadanie 3\Zadanie 3.vcxproj", "{88D1822C-E3D5-4FCE-A51C-4B12BDF0E669}"
EndProject
Project("{8BC9CEB8-8B4A-11D0-8D11-00A0C91BC942}") = "Zadanie 4", "Zadanie 4\Zadanie 4.vcxproj", "{12E7BC5B-7E05-45AB-BCDB-3D04E6253E2E}"
EndProject
Global
	GlobalSection(SolutionConfigurationPlatforms) = preSolution
		Debug|x64 = Debug|x64
		Debug|x86 = Debug|x86
		Release|x64 = Release|x64
		Release|x86 = Release|x86
	EndGlobalSection
	GlobalSection(ProjectConfigurationPlatforms) = postSolution
		{D2B7D4A1-A1E2-4842-B2FC-93C73E0EDE7C}.Debug|x64.ActiveCfg = Debug|x64
		{D2B7D4A1-A1E2-4842-B2FC-93C73E0EDE7C}.Debug|x64.Build.0 = Debug|x64
		{D2B7D4A1-A1E2-4842-B2FC-93C73E0EDE7C}.Debug|x86.ActiveCfg = Debug|Win32
		{D2B7D4A1-A1E2-4842-B2FC-93C73E0EDE7C}.Debug|x86.Build.0 = Debug|Win32
		{D2B7D4A1-A1E2-4842-B2FC-93C73E0EDE7C}.Release|x64.ActiveCfg = Release|x64
		{D2B7D4A1-A1E2-4842-B2FC-93C73E0EDE7C}.Release|x64.Build.0 = Release|x64
		{D2B7D4A1-A1E2-4842-B2FC-93C73E0EDE7C}.Release|x86.ActiveCfg = Release|Win32
		{D2B7D4A1-A1E2-4842-B2FC-93C73E0EDE7C}.Release|x86.Build.0 = Release|Win32
		{541E7DB7-F332-499A-855C-04764B3DAFD4}.Debug|x64.ActiveCfg = Debug|x64
		{541E7DB7-F332-499A-855C-04764B3DAFD4}.Debug|x64.Build.0 = Debug|x64
		{541E7DB7-F332-499A-855C-04764B3DAFD4}.Debug|x86.ActiveCfg = Debug|Win32
		{541E7DB7-F332-499A-855C-04764B3DAFD4}.Debug|x86.Build.0 = Debug|Win32
		{541E7DB7-F332-499A-855C-04764B3DAFD4}.Release|x64.ActiveCfg = Release|x64
		{541E7DB7-F332-499A-855C-04764B3DAFD4}.Release|x64.Build.0 = Release|x64
		{541E7DB7-F332-499A-855C-04764B3DAFD4}.Release|x86.ActiveCfg = Release|Win32
		{541E7DB7-F332-499A-855C-04764B3DAFD4}.Release|x86.Build.0 = Release|Win32
		{CF6805CF-062F-49F0-8C8C-057BAC394273}.Debug|x64.ActiveCfg = Debug|x64
		{CF6805CF-062F-49F0-8C8C-057BAC394273}.Debug|x64.Build.0 = Debug|x64
		{CF6805CF-062F-49F0-8C8C-057BAC394273}.Debug|x86.ActiveCfg = Debug|Win32
		{CF6805CF-062F-49F0-8C8C-057BAC394273}.Debug|x86.Build.0 = Debug|Win32
		{CF6805CF-062F-49F0-8C8C-057BAC394273}.Release|x64.ActiveCfg = Release|x64
		{CF6805CF-062F-49F0-8C8C-057BAC394273}.Release|x64.Build.0 = Release|x64
		{CF6805CF-062F-49F0-8C8C-057BAC394273}.Release|x86.ActiveCfg = Release|Win32
		{CF6805CF-062F-49F0-8C8C-057BAC394273}.Release|x86.Build.0 = Release|Win32
		{88D1822C-E3D5-4FCE-A51C-4B12BDF0E669}.Debug|x64.ActiveCfg = Debug|x64
		{88D1822C-E3D5-4FCE-A51C-4B12BDF0E669}.Debug|x64.Build.0 = Debug|x64
		{88D1822C-E3D5-4FCE-A51C-4B12BDF0E669}.Debug|x86.ActiveCfg = Debug|Win32
		{88D1822C-E3D5-4FCE-A51C-4B12BDF0E669}.Debug|x86.Build.0 = Debug|Win32
		{88D1822C-E3D5-4FCE-A51C-4B12BDF0E669}.Release|x64.ActiveCfg = Release|x64
		{88D1822C-E3D5-4FCE-A51C-4B12BDF0E669}.Release|x64.Build.0 = Release|x64
		{88D1822C-E3D5-4FCE-A51C-4B12BDF0E669}.Release|x86.ActiveCfg = Release|Win32
		{88D1822C-E3D5-4FCE-A51C-4B12BDF0E669}.Release|x86.Build.0 = Release|Win32
		{12E7BC5B-7E05-45AB-BCDB-3D04E6253E2E}.Debug|x64.ActiveCfg = Debug|x64
		{12E7BC5B-7E05-45AB-BCDB-3D04E6253E2E}.Debug|x64.Build.0 = Debug|x64
		{12E7BC5B-7E05-45AB-BCDB-3D04E6253E2E}.Debug|x86.ActiveCfg = Debug|Win32
		{12E7BC5B-7E05-45AB-BCDB-3D04E6253E2E}.Debug|x86.Build.0 = Debug|Win32
		{12E7BC5B-7E05-45AB-BCDB-3D04E6253E2E}.Release|x64.ActiveCfg = Release|x64
		{12E7BC5B-7E05-45AB-BCDB-3D04E6253E2E}.Release|x64.Build.0 = Release|x64
		{12E7BC5B-7E05-45AB-BCDB-3D04E6253E2E}.Release|x86.ActiveCfg = Release|Win32
		{12E7BC5B-7E05-45AB-BCDB-3D04E6253E2E}.Release|x86.Build.0 = Release|Win32
	EndGlobalSection
	GlobalSection(SolutionProperties) = preSolution
		HideSolutionNode = FALSE
	EndGlobalSection
	GlobalSection(ExtensibilityGlobals) = postSolution
		SolutionGuid = {611CC944-74A8-4AB6-848B-AAA3B48667E5}
	EndGlobalSection
EndGlobal
