
Microsoft Visual Studio Solution File, Format Version 12.00
# Visual Studio Version 17
VisualStudioVersion = 17.14.36429.23
MinimumVisualStudioVersion = 10.0.40219.1
Project("{8BC9CEB8-8B4A-11D0-8D11-00A0C91BC942}") = "Lab 5", "Lab 5\Lab 5.vcxproj", "{F6F1E8D5-15A3-4E9D-97D4-3AFEAB8B079F}"
EndProject
Project("{8BC9CEB8-8B4A-11D0-8D11-00A0C91BC942}") = "Lab 5_0", "Lab 5_0\Lab 5_0.vcxproj", "{2A652372-A745-4B8E-AF8B-612300A1D4D5}"
EndProject
Project("{8BC9CEB8-8B4A-11D0-8D11-00A0C91BC942}") = "Lab 5_1", "Lab 5_1\Lab 5_1.vcxproj", "{0E1955B6-1481-4233-8BC3-2CE77EC81807}"
EndProject
Project("{8BC9CEB8-8B4A-11D0-8D11-00A0C91BC942}") = "Lab 5_2", "Lab 5_2\Lab 5_2.vcxproj", "{C787AA16-D476-4F0E-95BC-1AC67A49288C}"
EndProject
Project("{8BC9CEB8-8B4A-11D0-8D11-00A0C91BC942}") = "Lab 5_0_1", "Lab 5_0_1\Lab 5_0_1.vcxproj", "{6AB174CA-AC9C-4BA8-856D-F34BB1603790}"
EndProject
Project("{8BC9CEB8-8B4A-11D0-8D11-00A0C91BC942}") = "Lab 5_0_2", "Lab 5_0_2\Lab 5_0_2.vcxproj", "{DB750ED6-11D7-4F2D-ABB0-ED5C800CD121}"
EndProject
Project("{8BC9CEB8-8B4A-11D0-8D11-00A0C91BC942}") = "Lab 5_0_3", "Lab 5_0_3\Lab 5_0_3.vcxproj", "{7F3B3B60-5F0C-462C-B6C0-82FEAD7CDFC7}"
EndProject
Project("{8BC9CEB8-8B4A-11D0-8D11-00A0C91BC942}") = "Lab 5_0_4", "Lab 5_0_4\Lab 5_0_4.vcxproj", "{6A224676-243C-447E-9D0D-3218AA5B5D5F}"
EndProject
Project("{8BC9CEB8-8B4A-11D0-8D11-00A0C91BC942}") = "Lab 5_0_5", "Lab 5_0_5\Lab 5_0_5.vcxproj", "{71FA6C0B-6DAC-4C2E-9FA6-2943F8F0BC7B}"
EndProject
Project("{8BC9CEB8-8B4A-11D0-8D11-00A0C91BC942}") = "Lab 5_0_6", "Lab 5_0_6\Lab 5_0_6.vcxproj", "{58CD7CFC-C785-4169-9D07-0451650A1F9B}"
EndProject
Project("{8BC9CEB8-8B4A-11D0-8D11-00A0C91BC942}") = "Lab 5_0_7", "Lab 5_0_7\Lab 5_0_7.vcxproj", "{93D34016-F08B-44D0-974F-642B982502FF}"
EndProject
Project("{8BC9CEB8-8B4A-11D0-8D11-00A0C91BC942}") = "Lab 5_0_8", "Lab 5_0_8\Lab 5_0_8.vcxproj", "{F1887B77-2621-4146-B425-428117F5CCA3}"
EndProject
Project("{8BC9CEB8-8B4A-11D0-8D11-00A0C91BC942}") = "Lab 5_0_9", "Lab 5_0_9\Lab 5_0_9.vcxproj", "{052A3170-53D1-421A-AEEA-1E3F8132177F}"
EndProject
Project("{8BC9CEB8-8B4A-11D0-8D11-00A0C91BC942}") = "Lab 5_0_10", "Дфи 5_0_10\Дфи 5_0_10.vcxproj", "{C23667BD-01D7-4E19-B5A0-0FE3FB8153A0}"
EndProject
Project("{8BC9CEB8-8B4A-11D0-8D11-00A0C91BC942}") = "Lab 5_0_11", "Lab 5_0_11\Lab 5_0_11.vcxproj", "{1CD5C820-EBA2-445C-B790-F34A78DEBADE}"
EndProject
Project("{8BC9CEB8-8B4A-11D0-8D11-00A0C91BC942}") = "Lab 5_0_12", "Lab 5_0_12\Lab 5_0_12.vcxproj", "{30013974-CEEF-4EC8-B181-7136FE78E9EE}"
EndProject
Project("{8BC9CEB8-8B4A-11D0-8D11-00A0C91BC942}") = "Lab 5_3", "Lab 5_3\Lab 5_3.vcxproj", "{F38C755A-45E3-4538-8E7C-313551708164}"
EndProject
Global
	GlobalSection(SolutionConfigurationPlatforms) = preSolution
		Debug|x64 = Debug|x64
		Debug|x86 = Debug|x86
		Release|x64 = Release|x64
		Release|x86 = Release|x86
	EndGlobalSection
	GlobalSection(ProjectConfigurationPlatforms) = postSolution
		{F6F1E8D5-15A3-4E9D-97D4-3AFEAB8B079F}.Debug|x64.ActiveCfg = Debug|x64
		{F6F1E8D5-15A3-4E9D-97D4-3AFEAB8B079F}.Debug|x64.Build.0 = Debug|x64
		{F6F1E8D5-15A3-4E9D-97D4-3AFEAB8B079F}.Debug|x86.ActiveCfg = Debug|Win32
		{F6F1E8D5-15A3-4E9D-97D4-3AFEAB8B079F}.Debug|x86.Build.0 = Debug|Win32
		{F6F1E8D5-15A3-4E9D-97D4-3AFEAB8B079F}.Release|x64.ActiveCfg = Release|x64
		{F6F1E8D5-15A3-4E9D-97D4-3AFEAB8B079F}.Release|x64.Build.0 = Release|x64
		{F6F1E8D5-15A3-4E9D-97D4-3AFEAB8B079F}.Release|x86.ActiveCfg = Release|Win32
		{F6F1E8D5-15A3-4E9D-97D4-3AFEAB8B079F}.Release|x86.Build.0 = Release|Win32
		{2A652372-A745-4B8E-AF8B-612300A1D4D5}.Debug|x64.ActiveCfg = Debug|x64
		{2A652372-A745-4B8E-AF8B-612300A1D4D5}.Debug|x64.Build.0 = Debug|x64
		{2A652372-A745-4B8E-AF8B-612300A1D4D5}.Debug|x86.ActiveCfg = Debug|Win32
		{2A652372-A745-4B8E-AF8B-612300A1D4D5}.Debug|x86.Build.0 = Debug|Win32
		{2A652372-A745-4B8E-AF8B-612300A1D4D5}.Release|x64.ActiveCfg = Release|x64
		{2A652372-A745-4B8E-AF8B-612300A1D4D5}.Release|x64.Build.0 = Release|x64
		{2A652372-A745-4B8E-AF8B-612300A1D4D5}.Release|x86.ActiveCfg = Release|Win32
		{2A652372-A745-4B8E-AF8B-612300A1D4D5}.Release|x86.Build.0 = Release|Win32
		{0E1955B6-1481-4233-8BC3-2CE77EC81807}.Debug|x64.ActiveCfg = Debug|x64
		{0E1955B6-1481-4233-8BC3-2CE77EC81807}.Debug|x64.Build.0 = Debug|x64
		{0E1955B6-1481-4233-8BC3-2CE77EC81807}.Debug|x86.ActiveCfg = Debug|Win32
		{0E1955B6-1481-4233-8BC3-2CE77EC81807}.Debug|x86.Build.0 = Debug|Win32
		{0E1955B6-1481-4233-8BC3-2CE77EC81807}.Release|x64.ActiveCfg = Release|x64
		{0E1955B6-1481-4233-8BC3-2CE77EC81807}.Release|x64.Build.0 = Release|x64
		{0E1955B6-1481-4233-8BC3-2CE77EC81807}.Release|x86.ActiveCfg = Release|Win32
		{0E1955B6-1481-4233-8BC3-2CE77EC81807}.Release|x86.Build.0 = Release|Win32
		{C787AA16-D476-4F0E-95BC-1AC67A49288C}.Debug|x64.ActiveCfg = Debug|x64
		{C787AA16-D476-4F0E-95BC-1AC67A49288C}.Debug|x64.Build.0 = Debug|x64
		{C787AA16-D476-4F0E-95BC-1AC67A49288C}.Debug|x86.ActiveCfg = Debug|Win32
		{C787AA16-D476-4F0E-95BC-1AC67A49288C}.Debug|x86.Build.0 = Debug|Win32
		{C787AA16-D476-4F0E-95BC-1AC67A49288C}.Release|x64.ActiveCfg = Release|x64
		{C787AA16-D476-4F0E-95BC-1AC67A49288C}.Release|x64.Build.0 = Release|x64
		{C787AA16-D476-4F0E-95BC-1AC67A49288C}.Release|x86.ActiveCfg = Release|Win32
		{C787AA16-D476-4F0E-95BC-1AC67A49288C}.Release|x86.Build.0 = Release|Win32
		{6AB174CA-AC9C-4BA8-856D-F34BB1603790}.Debug|x64.ActiveCfg = Debug|x64
		{6AB174CA-AC9C-4BA8-856D-F34BB1603790}.Debug|x64.Build.0 = Debug|x64
		{6AB174CA-AC9C-4BA8-856D-F34BB1603790}.Debug|x86.ActiveCfg = Debug|Win32
		{6AB174CA-AC9C-4BA8-856D-F34BB1603790}.Debug|x86.Build.0 = Debug|Win32
		{6AB174CA-AC9C-4BA8-856D-F34BB1603790}.Release|x64.ActiveCfg = Release|x64
		{6AB174CA-AC9C-4BA8-856D-F34BB1603790}.Release|x64.Build.0 = Release|x64
		{6AB174CA-AC9C-4BA8-856D-F34BB1603790}.Release|x86.ActiveCfg = Release|Win32
		{6AB174CA-AC9C-4BA8-856D-F34BB1603790}.Release|x86.Build.0 = Release|Win32
		{DB750ED6-11D7-4F2D-ABB0-ED5C800CD121}.Debug|x64.ActiveCfg = Debug|x64
		{DB750ED6-11D7-4F2D-ABB0-ED5C800CD121}.Debug|x64.Build.0 = Debug|x64
		{DB750ED6-11D7-4F2D-ABB0-ED5C800CD121}.Debug|x86.ActiveCfg = Debug|Win32
		{DB750ED6-11D7-4F2D-ABB0-ED5C800CD121}.Debug|x86.Build.0 = Debug|Win32
		{DB750ED6-11D7-4F2D-ABB0-ED5C800CD121}.Release|x64.ActiveCfg = Release|x64
		{DB750ED6-11D7-4F2D-ABB0-ED5C800CD121}.Release|x64.Build.0 = Release|x64
		{DB750ED6-11D7-4F2D-ABB0-ED5C800CD121}.Release|x86.ActiveCfg = Release|Win32
		{DB750ED6-11D7-4F2D-ABB0-ED5C800CD121}.Release|x86.Build.0 = Release|Win32
		{7F3B3B60-5F0C-462C-B6C0-82FEAD7CDFC7}.Debug|x64.ActiveCfg = Debug|x64
		{7F3B3B60-5F0C-462C-B6C0-82FEAD7CDFC7}.Debug|x64.Build.0 = Debug|x64
		{7F3B3B60-5F0C-462C-B6C0-82FEAD7CDFC7}.Debug|x86.ActiveCfg = Debug|Win32
		{7F3B3B60-5F0C-462C-B6C0-82FEAD7CDFC7}.Debug|x86.Build.0 = Debug|Win32
		{7F3B3B60-5F0C-462C-B6C0-82FEAD7CDFC7}.Release|x64.ActiveCfg = Release|x64
		{7F3B3B60-5F0C-462C-B6C0-82FEAD7CDFC7}.Release|x64.Build.0 = Release|x64
		{7F3B3B60-5F0C-462C-B6C0-82FEAD7CDFC7}.Release|x86.ActiveCfg = Release|Win32
		{7F3B3B60-5F0C-462C-B6C0-82FEAD7CDFC7}.Release|x86.Build.0 = Release|Win32
		{6A224676-243C-447E-9D0D-3218AA5B5D5F}.Debug|x64.ActiveCfg = Debug|x64
		{6A224676-243C-447E-9D0D-3218AA5B5D5F}.Debug|x64.Build.0 = Debug|x64
		{6A224676-243C-447E-9D0D-3218AA5B5D5F}.Debug|x86.ActiveCfg = Debug|Win32
		{6A224676-243C-447E-9D0D-3218AA5B5D5F}.Debug|x86.Build.0 = Debug|Win32
		{6A224676-243C-447E-9D0D-3218AA5B5D5F}.Release|x64.ActiveCfg = Release|x64
		{6A224676-243C-447E-9D0D-3218AA5B5D5F}.Release|x64.Build.0 = Release|x64
		{6A224676-243C-447E-9D0D-3218AA5B5D5F}.Release|x86.ActiveCfg = Release|Win32
		{6A224676-243C-447E-9D0D-3218AA5B5D5F}.Release|x86.Build.0 = Release|Win32
		{71FA6C0B-6DAC-4C2E-9FA6-2943F8F0BC7B}.Debug|x64.ActiveCfg = Debug|x64
		{71FA6C0B-6DAC-4C2E-9FA6-2943F8F0BC7B}.Debug|x64.Build.0 = Debug|x64
		{71FA6C0B-6DAC-4C2E-9FA6-2943F8F0BC7B}.Debug|x86.ActiveCfg = Debug|Win32
		{71FA6C0B-6DAC-4C2E-9FA6-2943F8F0BC7B}.Debug|x86.Build.0 = Debug|Win32
		{71FA6C0B-6DAC-4C2E-9FA6-2943F8F0BC7B}.Release|x64.ActiveCfg = Release|x64
		{71FA6C0B-6DAC-4C2E-9FA6-2943F8F0BC7B}.Release|x64.Build.0 = Release|x64
		{71FA6C0B-6DAC-4C2E-9FA6-2943F8F0BC7B}.Release|x86.ActiveCfg = Release|Win32
		{71FA6C0B-6DAC-4C2E-9FA6-2943F8F0BC7B}.Release|x86.Build.0 = Release|Win32
		{58CD7CFC-C785-4169-9D07-0451650A1F9B}.Debug|x64.ActiveCfg = Debug|x64
		{58CD7CFC-C785-4169-9D07-0451650A1F9B}.Debug|x64.Build.0 = Debug|x64
		{58CD7CFC-C785-4169-9D07-0451650A1F9B}.Debug|x86.ActiveCfg = Debug|Win32
		{58CD7CFC-C785-4169-9D07-0451650A1F9B}.Debug|x86.Build.0 = Debug|Win32
		{58CD7CFC-C785-4169-9D07-0451650A1F9B}.Release|x64.ActiveCfg = Release|x64
		{58CD7CFC-C785-4169-9D07-0451650A1F9B}.Release|x64.Build.0 = Release|x64
		{58CD7CFC-C785-4169-9D07-0451650A1F9B}.Release|x86.ActiveCfg = Release|Win32
		{58CD7CFC-C785-4169-9D07-0451650A1F9B}.Release|x86.Build.0 = Release|Win32
		{93D34016-F08B-44D0-974F-642B982502FF}.Debug|x64.ActiveCfg = Debug|x64
		{93D34016-F08B-44D0-974F-642B982502FF}.Debug|x64.Build.0 = Debug|x64
		{93D34016-F08B-44D0-974F-642B982502FF}.Debug|x86.ActiveCfg = Debug|Win32
		{93D34016-F08B-44D0-974F-642B982502FF}.Debug|x86.Build.0 = Debug|Win32
		{93D34016-F08B-44D0-974F-642B982502FF}.Release|x64.ActiveCfg = Release|x64
		{93D34016-F08B-44D0-974F-642B982502FF}.Release|x64.Build.0 = Release|x64
		{93D34016-F08B-44D0-974F-642B982502FF}.Release|x86.ActiveCfg = Release|Win32
		{93D34016-F08B-44D0-974F-642B982502FF}.Release|x86.Build.0 = Release|Win32
		{F1887B77-2621-4146-B425-428117F5CCA3}.Debug|x64.ActiveCfg = Debug|x64
		{F1887B77-2621-4146-B425-428117F5CCA3}.Debug|x64.Build.0 = Debug|x64
		{F1887B77-2621-4146-B425-428117F5CCA3}.Debug|x86.ActiveCfg = Debug|Win32
		{F1887B77-2621-4146-B425-428117F5CCA3}.Debug|x86.Build.0 = Debug|Win32
		{F1887B77-2621-4146-B425-428117F5CCA3}.Release|x64.ActiveCfg = Release|x64
		{F1887B77-2621-4146-B425-428117F5CCA3}.Release|x64.Build.0 = Release|x64
		{F1887B77-2621-4146-B425-428117F5CCA3}.Release|x86.ActiveCfg = Release|Win32
		{F1887B77-2621-4146-B425-428117F5CCA3}.Release|x86.Build.0 = Release|Win32
		{052A3170-53D1-421A-AEEA-1E3F8132177F}.Debug|x64.ActiveCfg = Debug|x64
		{052A3170-53D1-421A-AEEA-1E3F8132177F}.Debug|x64.Build.0 = Debug|x64
		{052A3170-53D1-421A-AEEA-1E3F8132177F}.Debug|x86.ActiveCfg = Debug|Win32
		{052A3170-53D1-421A-AEEA-1E3F8132177F}.Debug|x86.Build.0 = Debug|Win32
		{052A3170-53D1-421A-AEEA-1E3F8132177F}.Release|x64.ActiveCfg = Release|x64
		{052A3170-53D1-421A-AEEA-1E3F8132177F}.Release|x64.Build.0 = Release|x64
		{052A3170-53D1-421A-AEEA-1E3F8132177F}.Release|x86.ActiveCfg = Release|Win32
		{052A3170-53D1-421A-AEEA-1E3F8132177F}.Release|x86.Build.0 = Release|Win32
		{C23667BD-01D7-4E19-B5A0-0FE3FB8153A0}.Debug|x64.ActiveCfg = Debug|x64
		{C23667BD-01D7-4E19-B5A0-0FE3FB8153A0}.Debug|x64.Build.0 = Debug|x64
		{C23667BD-01D7-4E19-B5A0-0FE3FB8153A0}.Debug|x86.ActiveCfg = Debug|Win32
		{C23667BD-01D7-4E19-B5A0-0FE3FB8153A0}.Debug|x86.Build.0 = Debug|Win32
		{C23667BD-01D7-4E19-B5A0-0FE3FB8153A0}.Release|x64.ActiveCfg = Release|x64
		{C23667BD-01D7-4E19-B5A0-0FE3FB8153A0}.Release|x64.Build.0 = Release|x64
		{C23667BD-01D7-4E19-B5A0-0FE3FB8153A0}.Release|x86.ActiveCfg = Release|Win32
		{C23667BD-01D7-4E19-B5A0-0FE3FB8153A0}.Release|x86.Build.0 = Release|Win32
		{1CD5C820-EBA2-445C-B790-F34A78DEBADE}.Debug|x64.ActiveCfg = Debug|x64
		{1CD5C820-EBA2-445C-B790-F34A78DEBADE}.Debug|x64.Build.0 = Debug|x64
		{1CD5C820-EBA2-445C-B790-F34A78DEBADE}.Debug|x86.ActiveCfg = Debug|Win32
		{1CD5C820-EBA2-445C-B790-F34A78DEBADE}.Debug|x86.Build.0 = Debug|Win32
		{1CD5C820-EBA2-445C-B790-F34A78DEBADE}.Release|x64.ActiveCfg = Release|x64
		{1CD5C820-EBA2-445C-B790-F34A78DEBADE}.Release|x64.Build.0 = Release|x64
		{1CD5C820-EBA2-445C-B790-F34A78DEBADE}.Release|x86.ActiveCfg = Release|Win32
		{1CD5C820-EBA2-445C-B790-F34A78DEBADE}.Release|x86.Build.0 = Release|Win32
		{30013974-CEEF-4EC8-B181-7136FE78E9EE}.Debug|x64.ActiveCfg = Debug|x64
		{30013974-CEEF-4EC8-B181-7136FE78E9EE}.Debug|x64.Build.0 = Debug|x64
		{30013974-CEEF-4EC8-B181-7136FE78E9EE}.Debug|x86.ActiveCfg = Debug|Win32
		{30013974-CEEF-4EC8-B181-7136FE78E9EE}.Debug|x86.Build.0 = Debug|Win32
		{30013974-CEEF-4EC8-B181-7136FE78E9EE}.Release|x64.ActiveCfg = Release|x64
		{30013974-CEEF-4EC8-B181-7136FE78E9EE}.Release|x64.Build.0 = Release|x64
		{30013974-CEEF-4EC8-B181-7136FE78E9EE}.Release|x86.ActiveCfg = Release|Win32
		{30013974-CEEF-4EC8-B181-7136FE78E9EE}.Release|x86.Build.0 = Release|Win32
		{F38C755A-45E3-4538-8E7C-313551708164}.Debug|x64.ActiveCfg = Debug|x64
		{F38C755A-45E3-4538-8E7C-313551708164}.Debug|x64.Build.0 = Debug|x64
		{F38C755A-45E3-4538-8E7C-313551708164}.Debug|x86.ActiveCfg = Debug|Win32
		{F38C755A-45E3-4538-8E7C-313551708164}.Debug|x86.Build.0 = Debug|Win32
		{F38C755A-45E3-4538-8E7C-313551708164}.Release|x64.ActiveCfg = Release|x64
		{F38C755A-45E3-4538-8E7C-313551708164}.Release|x64.Build.0 = Release|x64
		{F38C755A-45E3-4538-8E7C-313551708164}.Release|x86.ActiveCfg = Release|Win32
		{F38C755A-45E3-4538-8E7C-313551708164}.Release|x86.Build.0 = Release|Win32
	EndGlobalSection
	GlobalSection(SolutionProperties) = preSolution
		HideSolutionNode = FALSE
	EndGlobalSection
	GlobalSection(ExtensibilityGlobals) = postSolution
		SolutionGuid = {69D37EAD-4025-4A1A-B9A8-20B2CF7C5D6F}
	EndGlobalSection
EndGlobal
