
Microsoft Visual Studio Solution File, Format Version 12.00
# Visual Studio Version 17
VisualStudioVersion = 17.14.36414.22
MinimumVisualStudioVersion = 10.0.40219.1
Project("{8BC9CEB8-8B4A-11D0-8D11-00A0C91BC942}") = "Project2", "Project2\Project2.vcxproj", "{A4B8B161-4637-4D2A-A636-8F02FB4D5BCB}"
EndProject
Project("{8BC9CEB8-8B4A-11D0-8D11-00A0C91BC942}") = "Zadanie1", "Zadanie1\Zadanie1.vcxproj", "{2BAA032F-A348-4FFD-8BFB-9D7BB14C6E1B}"
EndProject
Project("{8BC9CEB8-8B4A-11D0-8D11-00A0C91BC942}") = "Zadanie2", "Zadanie2\Zadanie2.vcxproj", "{FE88832B-596F-4ADE-9DA5-77897EF26C59}"
EndProject
Project("{8BC9CEB8-8B4A-11D0-8D11-00A0C91BC942}") = "Zadanie 3", "Zadanie 3\Zadanie 3.vcxproj", "{31043607-6D26-41A5-9271-2F104951817B}"
EndProject
Global
	GlobalSection(SolutionConfigurationPlatforms) = preSolution
		Debug|x64 = Debug|x64
		Debug|x86 = Debug|x86
		Release|x64 = Release|x64
		Release|x86 = Release|x86
	EndGlobalSection
	GlobalSection(ProjectConfigurationPlatforms) = postSolution
		{A4B8B161-4637-4D2A-A636-8F02FB4D5BCB}.Debug|x64.ActiveCfg = Debug|x64
		{A4B8B161-4637-4D2A-A636-8F02FB4D5BCB}.Debug|x64.Build.0 = Debug|x64
		{A4B8B161-4637-4D2A-A636-8F02FB4D5BCB}.Debug|x86.ActiveCfg = Debug|Win32
		{A4B8B161-4637-4D2A-A636-8F02FB4D5BCB}.Debug|x86.Build.0 = Debug|Win32
		{A4B8B161-4637-4D2A-A636-8F02FB4D5BCB}.Release|x64.ActiveCfg = Release|x64
		{A4B8B161-4637-4D2A-A636-8F02FB4D5BCB}.Release|x64.Build.0 = Release|x64
		{A4B8B161-4637-4D2A-A636-8F02FB4D5BCB}.Release|x86.ActiveCfg = Release|Win32
		{A4B8B161-4637-4D2A-A636-8F02FB4D5BCB}.Release|x86.Build.0 = Release|Win32
		{2BAA032F-A348-4FFD-8BFB-9D7BB14C6E1B}.Debug|x64.ActiveCfg = Debug|x64
		{2BAA032F-A348-4FFD-8BFB-9D7BB14C6E1B}.Debug|x64.Build.0 = Debug|x64
		{2BAA032F-A348-4FFD-8BFB-9D7BB14C6E1B}.Debug|x86.ActiveCfg = Debug|Win32
		{2BAA032F-A348-4FFD-8BFB-9D7BB14C6E1B}.Debug|x86.Build.0 = Debug|Win32
		{2BAA032F-A348-4FFD-8BFB-9D7BB14C6E1B}.Release|x64.ActiveCfg = Release|x64
		{2BAA032F-A348-4FFD-8BFB-9D7BB14C6E1B}.Release|x64.Build.0 = Release|x64
		{2BAA032F-A348-4FFD-8BFB-9D7BB14C6E1B}.Release|x86.ActiveCfg = Release|Win32
		{2BAA032F-A348-4FFD-8BFB-9D7BB14C6E1B}.Release|x86.Build.0 = Release|Win32
		{FE88832B-596F-4ADE-9DA5-77897EF26C59}.Debug|x64.ActiveCfg = Debug|x64
		{FE88832B-596F-4ADE-9DA5-77897EF26C59}.Debug|x64.Build.0 = Debug|x64
		{FE88832B-596F-4ADE-9DA5-77897EF26C59}.Debug|x86.ActiveCfg = Debug|Win32
		{FE88832B-596F-4ADE-9DA5-77897EF26C59}.Debug|x86.Build.0 = Debug|Win32
		{FE88832B-596F-4ADE-9DA5-77897EF26C59}.Release|x64.ActiveCfg = Release|x64
		{FE88832B-596F-4ADE-9DA5-77897EF26C59}.Release|x64.Build.0 = Release|x64
		{FE88832B-596F-4ADE-9DA5-77897EF26C59}.Release|x86.ActiveCfg = Release|Win32
		{FE88832B-596F-4ADE-9DA5-77897EF26C59}.Release|x86.Build.0 = Release|Win32
		{31043607-6D26-41A5-9271-2F104951817B}.Debug|x64.ActiveCfg = Debug|x64
		{31043607-6D26-41A5-9271-2F104951817B}.Debug|x64.Build.0 = Debug|x64
		{31043607-6D26-41A5-9271-2F104951817B}.Debug|x86.ActiveCfg = Debug|Win32
		{31043607-6D26-41A5-9271-2F104951817B}.Debug|x86.Build.0 = Debug|Win32
		{31043607-6D26-41A5-9271-2F104951817B}.Release|x64.ActiveCfg = Release|x64
		{31043607-6D26-41A5-9271-2F104951817B}.Release|x64.Build.0 = Release|x64
		{31043607-6D26-41A5-9271-2F104951817B}.Release|x86.ActiveCfg = Release|Win32
		{31043607-6D26-41A5-9271-2F104951817B}.Release|x86.Build.0 = Release|Win32
	EndGlobalSection
	GlobalSection(SolutionProperties) = preSolution
		HideSolutionNode = FALSE
	EndGlobalSection
	GlobalSection(ExtensibilityGlobals) = postSolution
		SolutionGuid = {682C0520-0E3B-4916-A9D5-B0240C57AA7E}
	EndGlobalSection
EndGlobal
